// !$*UTF8*$!
{
	archiveVersion = 1;
	classes = {
	};
	objectVersion = 50;
	objects = {

/* Begin PBXBuildFile section */
		686DFEA2222EA644006DC000 /* AppDelegate.swift in Sources */ = {isa = PBXBuildFile; fileRef = 686DFEA1222EA644006DC000 /* AppDelegate.swift */; };
		686DFEA4222EA644006DC000 /* ViewController.swift in Sources */ = {isa = PBXBuildFile; fileRef = 686DFEA3222EA644006DC000 /* ViewController.swift */; };
		686DFEA7222EA645006DC000 /* Main.storyboard in Resources */ = {isa = PBXBuildFile; fileRef = 686DFEA5222EA645006DC000 /* Main.storyboard */; };
		686DFEA9222EA646006DC000 /* Assets.xcassets in Resources */ = {isa = PBXBuildFile; fileRef = 686DFEA8222EA646006DC000 /* Assets.xcassets */; };
		686DFEAC222EA646006DC000 /* LaunchScreen.storyboard in Resources */ = {isa = PBXBuildFile; fileRef = 686DFEAA222EA646006DC000 /* LaunchScreen.storyboard */; };
		686DFEB7222EA646006DC000 /* todoAppTests.swift in Sources */ = {isa = PBXBuildFile; fileRef = 686DFEB6222EA646006DC000 /* todoAppTests.swift */; };
		686DFEC2222EA646006DC000 /* todoAppUITests.swift in Sources */ = {isa = PBXBuildFile; fileRef = 686DFEC1222EA646006DC000 /* todoAppUITests.swift */; };
/* End PBXBuildFile section */

/* Begin PBXContainerItemProxy section */
		686DFEB3222EA646006DC000 /* PBXContainerItemProxy */ = {
			isa = PBXContainerItemProxy;
			containerPortal = 686DFE96222EA644006DC000 /* Project object */;
			proxyType = 1;
			remoteGlobalIDString = 686DFE9D222EA644006DC000;
			remoteInfo = todoApp;
		};
		686DFEBE222EA646006DC000 /* PBXContainerItemProxy */ = {
			isa = PBXContainerItemProxy;
			containerPortal = 686DFE96222EA644006DC000 /* Project object */;
			proxyType = 1;
			remoteGlobalIDString = 686DFE9D222EA644006DC000;
			remoteInfo = todoApp;
		};
/* End PBXContainerItemProxy section */

/* Begin PBXFileReference section */
		686DFE9E222EA644006DC000 /* todoApp.app */ = {isa = PBXFileReference; explicitFileType = wrapper.application; includeInIndex = 0; path = todoApp.app; sourceTree = BUILT_PRODUCTS_DIR; };
		686DFEA1222EA644006DC000 /* AppDelegate.swift */ = {isa = PBXFileReference; lastKnownFileType = sourcecode.swift; path = AppDelegate.swift; sourceTree = "<group>"; };
		686DFEA3222EA644006DC000 /* ViewController.swift */ = {isa = PBXFileReference; lastKnownFileType = sourcecode.swift; path = ViewController.swift; sourceTree = "<group>"; };
		686DFEA6222EA645006DC000 /* Base */ = {isa = PBXFileReference; lastKnownFileType = file.storyboard; name = Base; path = Base.lproj/Main.storyboard; sourceTree = "<group>"; };
		686DFEA8222EA646006DC000 /* Assets.xcassets */ = {isa = PBXFileReference; lastKnownFileType = folder.assetcatalog; path = Assets.xcassets; sourceTree = "<group>"; };
		686DFEAB222EA646006DC000 /* Base */ = {isa = PBXFileReference; lastKnownFileType = file.storyboard; name = Base; path = Base.lproj/LaunchScreen.storyboard; sourceTree = "<group>"; };
		686DFEAD222EA646006DC000 /* Info.plist */ = {isa = PBXFileReference; lastKnownFileType = text.plist.xml; path = Info.plist; sourceTree = "<group>"; };
		686DFEB2222EA646006DC000 /* todoAppTests.xctest */ = {isa = PBXFileReference; explicitFileType = wrapper.cfbundle; includeInIndex = 0; path = todoAppTests.xctest; sourceTree = BUILT_PRODUCTS_DIR; };
		686DFEB6222EA646006DC000 /* todoAppTests.swift */ = {isa = PBXFileReference; lastKnownFileType = sourcecode.swift; path = todoAppTests.swift; sourceTree = "<group>"; };
		686DFEB8222EA646006DC000 /* Info.plist */ = {isa = PBXFileReference; lastKnownFileType = text.plist.xml; path = Info.plist; sourceTree = "<group>"; };
		686DFEBD222EA646006DC000 /* todoAppUITests.xctest */ = {isa = PBXFileReference; explicitFileType = wrapper.cfbundle; includeInIndex = 0; path = todoAppUITests.xctest; sourceTree = BUILT_PRODUCTS_DIR; };
		686DFEC1222EA646006DC000 /* todoAppUITests.swift */ = {isa = PBXFileReference; lastKnownFileType = sourcecode.swift; path = todoAppUITests.swift; sourceTree = "<group>"; };
		686DFEC3222EA646006DC000 /* Info.plist */ = {isa = PBXFileReference; lastKnownFileType = text.plist.xml; path = Info.plist; sourceTree = "<group>"; };
/* End PBXFileReference section */

/* Begin PBXFrameworksBuildPhase section */
		686DFE9B222EA644006DC000 /* Frameworks */ = {
			isa = PBXFrameworksBuildPhase;
			buildActionMask = 2147483647;
			files = (
			);
			runOnlyForDeploymentPostprocessing = 0;
		};
		686DFEAF222EA646006DC000 /* Frameworks */ = {
			isa = PBXFrameworksBuildPhase;
			buildActionMask = 2147483647;
			files = (
			);
			runOnlyForDeploymentPostprocessing = 0;
		};
		686DFEBA222EA646006DC000 /* Frameworks */ = {
			isa = PBXFrameworksBuildPhase;
			buildActionMask = 2147483647;
			files = (
			);
			runOnlyForDeploymentPostprocessing = 0;
		};
/* End PBXFrameworksBuildPhase section */

/* Begin PBXGroup section */
		686DFE95222EA644006DC000 = {
			isa = PBXGroup;
			children = (
				686DFEA0222EA644006DC000 /* todoApp */,
				686DFEB5222EA646006DC000 /* todoAppTests */,
				686DFEC0222EA646006DC000 /* todoAppUITests */,
				686DFE9F222EA644006DC000 /* Products */,
			);
			sourceTree = "<group>";
		};
		686DFE9F222EA644006DC000 /* Products */ = {
			isa = PBXGroup;
			children = (
				686DFE9E222EA644006DC000 /* todoApp.app */,
				686DFEB2222EA646006DC000 /* todoAppTests.xctest */,
				686DFEBD222EA646006DC000 /* todoAppUITests.xctest */,
			);
			name = Products;
			sourceTree = "<group>";
		};
		686DFEA0222EA644006DC000 /* todoApp */ = {
			isa = PBXGroup;
			children = (
				686DFEA1222EA644006DC000 /* AppDelegate.swift */,
				686DFEA3222EA644006DC000 /* ViewController.swift */,
				686DFEA5222EA645006DC000 /* Main.storyboard */,
				686DFEA8222EA646006DC000 /* Assets.xcassets */,
				686DFEAA222EA646006DC000 /* LaunchScreen.storyboard */,
				686DFEAD222EA646006DC000 /* Info.plist */,
			);
			path = todoApp;
			sourceTree = "<group>";
		};
		686DFEB5222EA646006DC000 /* todoAppTests */ = {
			isa = PBXGroup;
			children = (
				686DFEB6222EA646006DC000 /* todoAppTests.swift */,
				686DFEB8222EA646006DC000 /* Info.plist */,
			);
			path = todoAppTests;
			sourceTree = "<group>";
		};
		686DFEC0222EA646006DC000 /* todoAppUITests */ = {
			isa = PBXGroup;
			children = (
				686DFEC1222EA646006DC000 /* todoAppUITests.swift */,
				686DFEC3222EA646006DC000 /* Info.plist */,
			);
			path = todoAppUITests;
			sourceTree = "<group>";
		};
/* End PBXGroup section */

/* Begin PBXNativeTarget section */
		686DFE9D222EA644006DC000 /* todoApp */ = {
			isa = PBXNativeTarget;
			buildConfigurationList = 686DFEC6222EA646006DC000 /* Build configuration list for PBXNativeTarget "todoApp" */;
			buildPhases = (
				686DFE9A222EA644006DC000 /* Sources */,
				686DFE9B222EA644006DC000 /* Frameworks */,
				686DFE9C222EA644006DC000 /* Resources */,
			);
			buildRules = (
			);
			dependencies = (
			);
			name = todoApp;
			productName = todoApp;
			productReference = 686DFE9E222EA644006DC000 /* todoApp.app */;
			productType = "com.apple.product-type.application";
		};
		686DFEB1222EA646006DC000 /* todoAppTests */ = {
			isa = PBXNativeTarget;
			buildConfigurationList = 686DFEC9222EA646006DC000 /* Build configuration list for PBXNativeTarget "todoAppTests" */;
			buildPhases = (
				686DFEAE222EA646006DC000 /* Sources */,
				686DFEAF222EA646006DC000 /* Frameworks */,
				686DFEB0222EA646006DC000 /* Resources */,
			);
			buildRules = (
			);
			dependencies = (
				686DFEB4222EA646006DC000 /* PBXTargetDependency */,
			);
			name = todoAppTests;
			productName = todoAppTests;
			productReference = 686DFEB2222EA646006DC000 /* todoAppTests.xctest */;
			productType = "com.apple.product-type.bundle.unit-test";
		};
		686DFEBC222EA646006DC000 /* todoAppUITests */ = {
			isa = PBXNativeTarget;
			buildConfigurationList = 686DFECC222EA646006DC000 /* Build configuration list for PBXNativeTarget "todoAppUITests" */;
			buildPhases = (
				686DFEB9222EA646006DC000 /* Sources */,
				686DFEBA222EA646006DC000 /* Frameworks */,
				686DFEBB222EA646006DC000 /* Resources */,
			);
			buildRules = (
			);
			dependencies = (
				686DFEBF222EA646006DC000 /* PBXTargetDependency */,
			);
			name = todoAppUITests;
			productName = todoAppUITests;
			productReference = 686DFEBD222EA646006DC000 /* todoAppUITests.xctest */;
			productType = "com.apple.product-type.bundle.ui-testing";
		};
/* End PBXNativeTarget section */

/* Begin PBXProject section */
		686DFE96222EA644006DC000 /* Project object */ = {
			isa = PBXProject;
			attributes = {
				LastSwiftUpdateCheck = 1010;
				LastUpgradeCheck = 1010;
				ORGANIZATIONNAME = Ashot;
				TargetAttributes = {
					686DFE9D222EA644006DC000 = {
						CreatedOnToolsVersion = 10.1;
					};
					686DFEB1222EA646006DC000 = {
						CreatedOnToolsVersion = 10.1;
						TestTargetID = 686DFE9D222EA644006DC000;
					};
					686DFEBC222EA646006DC000 = {
						CreatedOnToolsVersion = 10.1;
						TestTargetID = 686DFE9D222EA644006DC000;
					};
				};
			};
			buildConfigurationList = 686DFE99222EA644006DC000 /* Build configuration list for PBXProject "todoApp" */;
			compatibilityVersion = "Xcode 9.3";
			developmentRegion = en;
			hasScannedForEncodings = 0;
			knownRegions = (
				en,
				Base,
			);
			mainGroup = 686DFE95222EA644006DC000;
			productRefGroup = 686DFE9F222EA644006DC000 /* Products */;
			projectDirPath = "";
			projectRoot = "";
			targets = (
				686DFE9D222EA644006DC000 /* todoApp */,
				686DFEB1222EA646006DC000 /* todoAppTests */,
				686DFEBC222EA646006DC000 /* todoAppUITests */,
			);
		};
/* End PBXProject section */

/* Begin PBXResourcesBuildPhase section */
		686DFE9C222EA644006DC000 /* Resources */ = {
			isa = PBXResourcesBuildPhase;
			buildActionMask = 2147483647;
			files = (
				686DFEAC222EA646006DC000 /* LaunchScreen.storyboard in Resources */,
				686DFEA9222EA646006DC000 /* Assets.xcassets in Resources */,
				686DFEA7222EA645006DC000 /* Main.storyboard in Resources */,
			);
			runOnlyForDeploymentPostprocessing = 0;
		};
		686DFEB0222EA646006DC000 /* Resources */ = {
			isa = PBXResourcesBuildPhase;
			buildActionMask = 2147483647;
			files = (
			);
			runOnlyForDeploymentPostprocessing = 0;
		};
		686DFEBB222EA646006DC000 /* Resources */ = {
			isa = PBXResourcesBuildPhase;
			buildActionMask = 2147483647;
			files = (
			);
			runOnlyForDeploymentPostprocessing = 0;
		};
/* End PBXResourcesBuildPhase section */

/* Begin PBXSourcesBuildPhase section */
		686DFE9A222EA644006DC000 /* Sources */ = {
			isa = PBXSourcesBuildPhase;
			buildActionMask = 2147483647;
			files = (
				686DFEA4222EA644006DC000 /* ViewController.swift in Sources */,
				686DFEA2222EA644006DC000 /* AppDelegate.swift in Sources */,
			);
			runOnlyForDeploymentPostprocessing = 0;
		};
		686DFEAE222EA646006DC000 /* Sources */ = {
			isa = PBXSourcesBuildPhase;
			buildActionMask = 2147483647;
			files = (
				686DFEB7222EA646006DC000 /* todoAppTests.swift in Sources */,
			);
			runOnlyForDeploymentPostprocessing = 0;
		};
		686DFEB9222EA646006DC000 /* Sources */ = {
			isa = PBXSourcesBuildPhase;
			buildActionMask = 2147483647;
			files = (
				686DFEC2222EA646006DC000 /* todoAppUITests.swift in Sources */,
			);
			runOnlyForDeploymentPostprocessing = 0;
		};
/* End PBXSourcesBuildPhase section */

/* Begin PBXTargetDependency section */
		686DFEB4222EA646006DC000 /* PBXTargetDependency */ = {
			isa = PBXTargetDependency;
			target = 686DFE9D222EA644006DC000 /* todoApp */;
			targetProxy = 686DFEB3222EA646006DC000 /* PBXContainerItemProxy */;
		};
		686DFEBF222EA646006DC000 /* PBXTargetDependency */ = {
			isa = PBXTargetDependency;
			target = 686DFE9D222EA644006DC000 /* todoApp */;
			targetProxy = 686DFEBE222EA646006DC000 /* PBXContainerItemProxy */;
		};
/* End PBXTargetDependency section */

/* Begin PBXVariantGroup section */
		686DFEA5222EA645006DC000 /* Main.storyboard */ = {
			isa = PBXVariantGroup;
			children = (
				686DFEA6222EA645006DC000 /* Base */,
			);
			name = Main.storyboard;
			sourceTree = "<group>";
		};
		686DFEAA222EA646006DC000 /* LaunchScreen.storyboard */ = {
			isa = PBXVariantGroup;
			children = (
				686DFEAB222EA646006DC000 /* Base */,
			);
			name = LaunchScreen.storyboard;
			sourceTree = "<group>";
		};
/* End PBXVariantGroup section */

/* Begin XCBuildConfiguration section */
		686DFEC4222EA646006DC000 /* Debug */ = {
			isa = XCBuildConfiguration;
			buildSettings = {
				ALWAYS_SEARCH_USER_PATHS = NO;
				CLANG_ANALYZER_NONNULL = YES;
				CLANG_ANALYZER_NUMBER_OBJECT_CONVERSION = YES_AGGRESSIVE;
				CLANG_CXX_LANGUAGE_STANDARD = "gnu++14";
				CLANG_CXX_LIBRARY = "libc++";
				CLANG_ENABLE_MODULES = YES;
				CLANG_ENABLE_OBJC_ARC = YES;
				CLANG_ENABLE_OBJC_WEAK = YES;
				CLANG_WARN_BLOCK_CAPTURE_AUTORELEASING = YES;
				CLANG_WARN_BOOL_CONVERSION = YES;
				CLANG_WARN_COMMA = YES;
				CLANG_WARN_CONSTANT_CONVERSION = YES;
				CLANG_WARN_DEPRECATED_OBJC_IMPLEMENTATIONS = YES;
				CLANG_WARN_DIRECT_OBJC_ISA_USAGE = YES_ERROR;
				CLANG_WARN_DOCUMENTATION_COMMENTS = YES;
				CLANG_WARN_EMPTY_BODY = YES;
				CLANG_WARN_ENUM_CONVERSION = YES;
				CLANG_WARN_INFINITE_RECURSION = YES;
				CLANG_WARN_INT_CONVERSION = YES;
				CLANG_WARN_NON_LITERAL_NULL_CONVERSION = YES;
				CLANG_WARN_OBJC_IMPLICIT_RETAIN_SELF = YES;
				CLANG_WARN_OBJC_LITERAL_CONVERSION = YES;
				CLANG_WARN_OBJC_ROOT_CLASS = YES_ERROR;
				CLANG_WARN_RANGE_LOOP_ANALYSIS = YES;
				CLANG_WARN_STRICT_PROTOTYPES = YES;
				CLANG_WARN_SUSPICIOUS_MOVE = YES;
				CLANG_WARN_UNGUARDED_AVAILABILITY = YES_AGGRESSIVE;
				CLANG_WARN_UNREACHABLE_CODE = YES;
				CLANG_WARN__DUPLICATE_METHOD_MATCH = YES;
				CODE_SIGN_IDENTITY = "iPhone Developer";
				COPY_PHASE_STRIP = NO;
				DEBUG_INFORMATION_FORMAT = dwarf;
				ENABLE_STRICT_OBJC_MSGSEND = YES;
				ENABLE_TESTABILITY = YES;
				GCC_C_LANGUAGE_STANDARD = gnu11;
				GCC_DYNAMIC_NO_PIC = NO;
				GCC_NO_COMMON_BLOCKS = YES;
				GCC_OPTIMIZATION_LEVEL = 0;
				GCC_PREPROCESSOR_DEFINITIONS = (
					"DEBUG=1",
					"$(inherited)",
				);
				GCC_WARN_64_TO_32_BIT_CONVERSION = YES;
				GCC_WARN_ABOUT_RETURN_TYPE = YES_ERROR;
				GCC_WARN_UNDECLARED_SELECTOR = YES;
				GCC_WARN_UNINITIALIZED_AUTOS = YES_AGGRESSIVE;
				GCC_WARN_UNUSED_FUNCTION = YES;
				GCC_WARN_UNUSED_VARIABLE = YES;
				IPHONEOS_DEPLOYMENT_TARGET = 12.1;
				MTL_ENABLE_DEBUG_INFO = INCLUDE_SOURCE;
				MTL_FAST_MATH = YES;
				ONLY_ACTIVE_ARCH = YES;
				SDKROOT = iphoneos;
				SWIFT_ACTIVE_COMPILATION_CONDITIONS = DEBUG;
				SWIFT_OPTIMIZATION_LEVEL = "-Onone";
			};
			name = Debug;
		};
		686DFEC5222EA646006DC000 /* Release */ = {
			isa = XCBuildConfiguration;
			buildSettings = {
				ALWAYS_SEARCH_USER_PATHS = NO;
				CLANG_ANALYZER_NONNULL = YES;
				CLANG_ANALYZER_NUMBER_OBJECT_CONVERSION = YES_AGGRESSIVE;
				CLANG_CXX_LANGUAGE_STANDARD = "gnu++14";
				CLANG_CXX_LIBRARY = "libc++";
				CLANG_ENABLE_MODULES = YES;
				CLANG_ENABLE_OBJC_ARC = YES;
				CLANG_ENABLE_OBJC_WEAK = YES;
				CLANG_WARN_BLOCK_CAPTURE_AUTORELEASING = YES;
				CLANG_WARN_BOOL_CONVERSION = YES;
				CLANG_WARN_COMMA = YES;
				CLANG_WARN_CONSTANT_CONVERSION = YES;
				CLANG_WARN_DEPRECATED_OBJC_IMPLEMENTATIONS = YES;
				CLANG_WARN_DIRECT_OBJC_ISA_USAGE = YES_ERROR;
				CLANG_WARN_DOCUMENTATION_COMMENTS = YES;
				CLANG_WARN_EMPTY_BODY = YES;
				CLANG_WARN_ENUM_CONVERSION = YES;
				CLANG_WARN_INFINITE_RECURSION = YES;
				CLANG_WARN_INT_CONVERSION = YES;
				CLANG_WARN_NON_LITERAL_NULL_CONVERSION = YES;
				CLANG_WARN_OBJC_IMPLICIT_RETAIN_SELF = YES;
				CLANG_WARN_OBJC_LITERAL_CONVERSION = YES;
				CLANG_WARN_OBJC_ROOT_CLASS = YES_ERROR;
				CLANG_WARN_RANGE_LOOP_ANALYSIS = YES;
				CLANG_WARN_STRICT_PROTOTYPES = YES;
				CLANG_WARN_SUSPICIOUS_MOVE = YES;
				CLANG_WARN_UNGUARDED_AVAILABILITY = YES_AGGRESSIVE;
				CLANG_WARN_UNREACHABLE_CODE = YES;
				CLANG_WARN__DUPLICATE_METHOD_MATCH = YES;
				CODE_SIGN_IDENTITY = "iPhone Developer";
				COPY_PHASE_STRIP = NO;
				DEBUG_INFORMATION_FORMAT = "dwarf-with-dsym";
				ENABLE_NS_ASSERTIONS = NO;
				ENABLE_STRICT_OBJC_MSGSEND = YES;
				GCC_C_LANGUAGE_STANDARD = gnu11;
				GCC_NO_COMMON_BLOCKS = YES;
				GCC_WARN_64_TO_32_BIT_CONVERSION = YES;
				GCC_WARN_ABOUT_RETURN_TYPE = YES_ERROR;
				GCC_WARN_UNDECLARED_SELECTOR = YES;
				GCC_WARN_UNINITIALIZED_AUTOS = YES_AGGRESSIVE;
				GCC_WARN_UNUSED_FUNCTION = YES;
				GCC_WARN_UNUSED_VARIABLE = YES;
				IPHONEOS_DEPLOYMENT_TARGET = 12.1;
				MTL_ENABLE_DEBUG_INFO = NO;
				MTL_FAST_MATH = YES;
				SDKROOT = iphoneos;
				SWIFT_COMPILATION_MODE = wholemodule;
				SWIFT_OPTIMIZATION_LEVEL = "-O";
				VALIDATE_PRODUCT = YES;
			};
			name = Release;
		};
		686DFEC7222EA646006DC000 /* Debug */ = {
			isa = XCBuildConfiguration;
			buildSettings = {
				ASSETCATALOG_COMPILER_APPICON_NAME = AppIcon;
				CODE_SIGN_STYLE = Automatic;
				DEVELOPMENT_TEAM = LJSUCN2AJH;
				INFOPLIST_FILE = todoApp/Info.plist;
				LD_RUNPATH_SEARCH_PATHS = (
					"$(inherited)",
					"@executable_path/Frameworks",
				);
				PRODUCT_BUNDLE_IDENTIFIER = test.todoApp;
				PRODUCT_NAME = "$(TARGET_NAME)";
				SWIFT_VERSION = 4.2;
				TARGETED_DEVICE_FAMILY = "1,2";
			};
			name = Debug;
		};
		686DFEC8222EA646006DC000 /* Release */ = {
			isa = XCBuildConfiguration;
			buildSettings = {
				ASSETCATALOG_COMPILER_APPICON_NAME = AppIcon;
				CODE_SIGN_STYLE = Automatic;
				DEVELOPMENT_TEAM = LJSUCN2AJH;
				INFOPLIST_FILE = todoApp/Info.plist;
				LD_RUNPATH_SEARCH_PATHS = (
					"$(inherited)",
					"@executable_path/Frameworks",
				);
				PRODUCT_BUNDLE_IDENTIFIER = test.todoApp;
				PRODUCT_NAME = "$(TARGET_NAME)";
				SWIFT_VERSION = 4.2;
				TARGETED_DEVICE_FAMILY = "1,2";
			};
			name = Release;
		};
		686DFECA222EA646006DC000 /* Debug */ = {
			isa = XCBuildConfiguration;
			buildSettings = {
				ALWAYS_EMBED_SWIFT_STANDARD_LIBRARIES = YES;
				BUNDLE_LOADER = "$(TEST_HOST)";
				CODE_SIGN_STYLE = Automatic;
				DEVELOPMENT_TEAM = LJSUCN2AJH;
				INFOPLIST_FILE = todoAppTests/Info.plist;
				LD_RUNPATH_SEARCH_PATHS = (
					"$(inherited)",
					"@executable_path/Frameworks",
					"@loader_path/Frameworks",
				);
				PRODUCT_BUNDLE_IDENTIFIER = test.todoAppTests;
				PRODUCT_NAME = "$(TARGET_NAME)";
				SWIFT_VERSION = 4.2;
				TARGETED_DEVICE_FAMILY = "1,2";
				TEST_HOST = "$(BUILT_PRODUCTS_DIR)/todoApp.app/todoApp";
			};
			name = Debug;
		};
		686DFECB222EA646006DC000 /* Release */ = {
			isa = XCBuildConfiguration;
			buildSettings = {
				ALWAYS_EMBED_SWIFT_STANDARD_LIBRARIES = YES;
				BUNDLE_LOADER = "$(TEST_HOST)";
				CODE_SIGN_STYLE = Automatic;
				DEVELOPMENT_TEAM = LJSUCN2AJH;
				INFOPLIST_FILE = todoAppTests/Info.plist;
				LD_RUNPATH_SEARCH_PATHS = (
					"$(inherited)",
					"@executable_path/Frameworks",
					"@loader_path/Frameworks",
				);
				PRODUCT_BUNDLE_IDENTIFIER = test.todoAppTests;
				PRODUCT_NAME = "$(TARGET_NAME)";
				SWIFT_VERSION = 4.2;
				TARGETED_DEVICE_FAMILY = "1,2";
				TEST_HOST = "$(BUILT_PRODUCTS_DIR)/todoApp.app/todoApp";
			};
			name = Release;
		};
		686DFECD222EA646006DC000 /* Debug */ = {
			isa = XCBuildConfiguration;
			buildSettings = {
				ALWAYS_EMBED_SWIFT_STANDARD_LIBRARIES = YES;
				CODE_SIGN_STYLE = Automatic;
				DEVELOPMENT_TEAM = LJSUCN2AJH;
				INFOPLIST_FILE = todoAppUITests/Info.plist;
				LD_RUNPATH_SEARCH_PATHS = (
					"$(inherited)",
					"@executable_path/Frameworks",
					"@loader_path/Frameworks",
				);
				PRODUCT_BUNDLE_IDENTIFIER = test.todoAppUITests;
				PRODUCT_NAME = "$(TARGET_NAME)";
				SWIFT_VERSION = 4.2;
				TARGETED_DEVICE_FAMILY = "1,2";
				TEST_TARGET_NAME = todoApp;
			};
			name = Debug;
		};
		686DFECE222EA646006DC000 /* Release */ = {
			isa = XCBuildConfiguration;
			buildSettings = {
				ALWAYS_EMBED_SWIFT_STANDARD_LIBRARIES = YES;
				CODE_SIGN_STYLE = Automatic;
				DEVELOPMENT_TEAM = LJSUCN2AJH;
				INFOPLIST_FILE = todoAppUITests/Info.plist;
				LD_RUNPATH_SEARCH_PATHS = (
					"$(inherited)",
					"@executable_path/Frameworks",
					"@loader_path/Frameworks",
				);
				PRODUCT_BUNDLE_IDENTIFIER = test.todoAppUITests;
				PRODUCT_NAME = "$(TARGET_NAME)";
				SWIFT_VERSION = 4.2;
				TARGETED_DEVICE_FAMILY = "1,2";
				TEST_TARGET_NAME = todoApp;
			};
			name = Release;
		};
/* End XCBuildConfiguration section */

/* Begin XCConfigurationList section */
		686DFE99222EA644006DC000 /* Build configuration list for PBXProject "todoApp" */ = {
			isa = XCConfigurationList;
			buildConfigurations = (
				686DFEC4222EA646006DC000 /* Debug */,
				686DFEC5222EA646006DC000 /* Release */,
			);
			defaultConfigurationIsVisible = 0;
			defaultConfigurationName = Release;
		};
		686DFEC6222EA646006DC000 /* Build configuration list for PBXNativeTarget "todoApp" */ = {
			isa = XCConfigurationList;
			buildConfigurations = (
				686DFEC7222EA646006DC000 /* Debug */,
				686DFEC8222EA646006DC000 /* Release */,
			);
			defaultConfigurationIsVisible = 0;
			defaultConfigurationName = Release;
		};
		686DFEC9222EA646006DC000 /* Build configuration list for PBXNativeTarget "todoAppTests" */ = {
			isa = XCConfigurationList;
			buildConfigurations = (
				686DFECA222EA646006DC000 /* Debug */,
				686DFECB222EA646006DC000 /* Release */,
			);
			defaultConfigurationIsVisible = 0;
			defaultConfigurationName = Release;
		};
		686DFECC222EA646006DC000 /* Build configuration list for PBXNativeTarget "todoAppUITests" */ = {
			isa = XCConfigurationList;
			buildConfigurations = (
				686DFECD222EA646006DC000 /* Debug */,
				686DFECE222EA646006DC000 /* Release */,
			);
			defaultConfigurationIsVisible = 0;
			defaultConfigurationName = Release;
		};
/* End XCConfigurationList section */
	};
	rootObject = 686DFE96222EA644006DC000 /* Project object */;
}
